# This file is automatically @generated by Cargo.
# It is not intended for manual editing.
version = 4

[[package]]
name = "pin-project-lite"
version = "0.2.17"
source = "registry+https://github.com/rust-lang/crates.io-index"
checksum = "a89322df9ebe1c1578d689c92318e070967d1042b512afbe49518723f4e6d5cd"

[[package]]
name = "static_assertions"
version = "1.1.0"
source = "registry+https://github.com/rust-lang/crates.io-index"
checksum = "a2eb9349b6444b326872e140eb1cf5e7c522154d69e7a0ffb0fb81c06b37543f"

[[package]]
name = "the-sync-bound-nobody-asked-for"
version = "0.0.0"
dependencies = [
 "static_assertions",
 "tokio",
]

[[package]]
name = "tokio"
version = "1.52.2"
source = "registry+https://github.com/rust-lang/crates.io-index"
checksum = "110a78583f19d5cdb2c5ccf321d1290344e71313c6c37d43520d386027d18386"
dependencies = [
 "pin-project-lite",
]
